
Microsoft Visual Studio Solution File, Format Version 12.00
# Visual Studio Version 16
VisualStudioVersion = 16.0.30011.22
MinimumVisualStudioVersion = 10.0.40219.1
Project("{FAE04EC0-301F-11D3-BF4B-00C04F79EFBC}") = "PruebaWPF", "PruebaWPF.csproj", "{6686FCA5-6E2E-4BA3-97DB-0DE3A672DC95}"
EndProject
Global
	GlobalSection(SolutionConfigurationPlatforms) = preSolution
		Debug|Any CPU = Debug|Any CPU
		Release|Any CPU = Release|Any CPU
	EndGlobalSection
	GlobalSection(ProjectConfigurationPlatforms) = postSolution
		{6686FCA5-6E2E-4BA3-97DB-0DE3A672DC95}.Debug|Any CPU.ActiveCfg = Debug|Any CPU
		{6686FCA5-6E2E-4BA3-97DB-0DE3A672DC95}.Debug|Any CPU.Build.0 = Debug|Any CPU
		{6686FCA5-6E2E-4BA3-97DB-0DE3A672DC95}.Release|Any CPU.ActiveCfg = Release|Any CPU
		{6686FCA5-6E2E-4BA3-97DB-0DE3A672DC95}.Release|Any CPU.Build.0 = Release|Any CPU
	EndGlobalSection
	GlobalSection(SolutionProperties) = preSolution
		HideSolutionNode = FALSE
	EndGlobalSection
	GlobalSection(ExtensibilityGlobals) = postSolution
		SolutionGuid = {FBB4C37D-9B61-4F57-A568-1708CC57F5DE}
	EndGlobalSection
EndGlobal
