
Microsoft Visual Studio Solution File, Format Version 12.00
# Visual Studio Version 16
VisualStudioVersion = 16.0.30011.22
MinimumVisualStudioVersion = 10.0.40219.1
Project("{FAE04EC0-301F-11D3-BF4B-00C04F79EFBC}") = "TPfinal", "TPfinal.csproj", "{3278C649-DB47-4AA9-89B0-943EF84B34FF}"
EndProject
Global
	GlobalSection(SolutionConfigurationPlatforms) = preSolution
		Debug|Any CPU = Debug|Any CPU
		Release|Any CPU = Release|Any CPU
	EndGlobalSection
	GlobalSection(ProjectConfigurationPlatforms) = postSolution
		{3278C649-DB47-4AA9-89B0-943EF84B34FF}.Debug|Any CPU.ActiveCfg = Debug|Any CPU
		{3278C649-DB47-4AA9-89B0-943EF84B34FF}.Debug|Any CPU.Build.0 = Debug|Any CPU
		{3278C649-DB47-4AA9-89B0-943EF84B34FF}.Release|Any CPU.ActiveCfg = Release|Any CPU
		{3278C649-DB47-4AA9-89B0-943EF84B34FF}.Release|Any CPU.Build.0 = Release|Any CPU
	EndGlobalSection
	GlobalSection(SolutionProperties) = preSolution
		HideSolutionNode = FALSE
	EndGlobalSection
	GlobalSection(ExtensibilityGlobals) = postSolution
		SolutionGuid = {C85BA961-E513-491D-8E66-12DAA947EA22}
	EndGlobalSection
EndGlobal
